
Microsoft Visual Studio Solution File, Format Version 12.00
# Visual Studio Version 17
VisualStudioVersion = 17.1.32414.318
MinimumVisualStudioVersion = 10.0.40219.1
Project("{FAE04EC0-301F-11D3-BF4B-00C04F79EFBC}") = "WindowsFormsApp1", "WindowsFormsApp1\WindowsFormsApp1.csproj", "{EAFDB943-74A1-41CD-A183-4165A8640305}"
EndProject
Global
	GlobalSection(SolutionConfigurationPlatforms) = preSolution
		Debug|Any CPU = Debug|Any CPU
		Release|Any CPU = Release|Any CPU
	EndGlobalSection
	GlobalSection(ProjectConfigurationPlatforms) = postSolution
		{EAFDB943-74A1-41CD-A183-4165A8640305}.Debug|Any CPU.ActiveCfg = Debug|Any CPU
		{EAFDB943-74A1-41CD-A183-4165A8640305}.Debug|Any CPU.Build.0 = Debug|Any CPU
		{EAFDB943-74A1-41CD-A183-4165A8640305}.Release|Any CPU.ActiveCfg = Release|Any CPU
		{EAFDB943-74A1-41CD-A183-4165A8640305}.Release|Any CPU.Build.0 = Release|Any CPU
	EndGlobalSection
	GlobalSection(SolutionProperties) = preSolution
		HideSolutionNode = FALSE
	EndGlobalSection
	GlobalSection(ExtensibilityGlobals) = postSolution
		SolutionGuid = {A230D878-07BE-4049-8937-5BE3B94347F3}
	EndGlobalSection
EndGlobal
